
Microsoft Visual Studio Solution File, Format Version 12.00
# Visual Studio Express 2012 for Windows Desktop
Project("{F184B08F-C81C-45F6-A57F-5ABD9991F28F}") = "Dec5", "Dec5\Dec5.vbproj", "{2407484F-7421-4DF2-83C9-FE27F24FAC1C}"
EndProject
Global
	GlobalSection(SolutionConfigurationPlatforms) = preSolution
		Debug|Any CPU = Debug|Any CPU
		Release|Any CPU = Release|Any CPU
	EndGlobalSection
	GlobalSection(ProjectConfigurationPlatforms) = postSolution
		{2407484F-7421-4DF2-83C9-FE27F24FAC1C}.Debug|Any CPU.ActiveCfg = Debug|Any CPU
		{2407484F-7421-4DF2-83C9-FE27F24FAC1C}.Debug|Any CPU.Build.0 = Debug|Any CPU
		{2407484F-7421-4DF2-83C9-FE27F24FAC1C}.Release|Any CPU.ActiveCfg = Release|Any CPU
		{2407484F-7421-4DF2-83C9-FE27F24FAC1C}.Release|Any CPU.Build.0 = Release|Any CPU
	EndGlobalSection
	GlobalSection(SolutionProperties) = preSolution
		HideSolutionNode = FALSE
	EndGlobalSection
EndGlobal
